
Microsoft Visual Studio Solution File, Format Version 12.00
# Visual Studio Version 16
VisualStudioVersion = 16.0.29905.134
MinimumVisualStudioVersion = 10.0.40219.1
Project("{FAE04EC0-301F-11D3-BF4B-00C04F79EFBC}") = "Utils", "Utils.csproj", "{BA0E30C3-D46D-4D43-902B-BE412246FA3B}"
EndProject
Global
	GlobalSection(SolutionConfigurationPlatforms) = preSolution
		Debug|Any CPU = Debug|Any CPU
		Release|Any CPU = Release|Any CPU
	EndGlobalSection
	GlobalSection(ProjectConfigurationPlatforms) = postSolution
		{BA0E30C3-D46D-4D43-902B-BE412246FA3B}.Debug|Any CPU.ActiveCfg = Release|Any CPU
		{BA0E30C3-D46D-4D43-902B-BE412246FA3B}.Debug|Any CPU.Build.0 = Release|Any CPU
		{BA0E30C3-D46D-4D43-902B-BE412246FA3B}.Release|Any CPU.ActiveCfg = Release|Any CPU
		{BA0E30C3-D46D-4D43-902B-BE412246FA3B}.Release|Any CPU.Build.0 = Release|Any CPU
	EndGlobalSection
	GlobalSection(SolutionProperties) = preSolution
		HideSolutionNode = FALSE
	EndGlobalSection
	GlobalSection(ExtensibilityGlobals) = postSolution
		SolutionGuid = {3C418110-7BF2-471C-A609-B4AE3483AD4C}
	EndGlobalSection
EndGlobal
